
Microsoft Visual Studio Solution File, Format Version 12.00
# Visual Studio 15
VisualStudioVersion = 15.0.26124.0
MinimumVisualStudioVersion = 15.0.26124.0
Project("{FAE04EC0-301F-11D3-BF4B-00C04F79EFBC}") = "OptionsPricer", "OptionsPricer\OptionsPricer.csproj", "{D70EB3B0-DEA2-4B0E-A5D0-FDC2BE7A5869}"
EndProject
Project("{FAE04EC0-301F-11D3-BF4B-00C04F79EFBC}") = "OptionsPricer.Tests", "OptionsPricer.Tests\OptionsPricer.Tests.csproj", "{1561B10D-1789-4A43-959B-4D4A38229269}"
EndProject
Global
	GlobalSection(SolutionConfigurationPlatforms) = preSolution
		Debug|Any CPU = Debug|Any CPU
		Debug|x64 = Debug|x64
		Debug|x86 = Debug|x86
		Release|Any CPU = Release|Any CPU
		Release|x64 = Release|x64
		Release|x86 = Release|x86
	EndGlobalSection
	GlobalSection(SolutionProperties) = preSolution
		HideSolutionNode = FALSE
	EndGlobalSection
	GlobalSection(ProjectConfigurationPlatforms) = postSolution
		{D70EB3B0-DEA2-4B0E-A5D0-FDC2BE7A5869}.Debug|Any CPU.ActiveCfg = Debug|Any CPU
		{D70EB3B0-DEA2-4B0E-A5D0-FDC2BE7A5869}.Debug|Any CPU.Build.0 = Debug|Any CPU
		{D70EB3B0-DEA2-4B0E-A5D0-FDC2BE7A5869}.Debug|x64.ActiveCfg = Debug|Any CPU
		{D70EB3B0-DEA2-4B0E-A5D0-FDC2BE7A5869}.Debug|x64.Build.0 = Debug|Any CPU
		{D70EB3B0-DEA2-4B0E-A5D0-FDC2BE7A5869}.Debug|x86.ActiveCfg = Debug|Any CPU
		{D70EB3B0-DEA2-4B0E-A5D0-FDC2BE7A5869}.Debug|x86.Build.0 = Debug|Any CPU
		{D70EB3B0-DEA2-4B0E-A5D0-FDC2BE7A5869}.Release|Any CPU.ActiveCfg = Release|Any CPU
		{D70EB3B0-DEA2-4B0E-A5D0-FDC2BE7A5869}.Release|Any CPU.Build.0 = Release|Any CPU
		{D70EB3B0-DEA2-4B0E-A5D0-FDC2BE7A5869}.Release|x64.ActiveCfg = Release|Any CPU
		{D70EB3B0-DEA2-4B0E-A5D0-FDC2BE7A5869}.Release|x64.Build.0 = Release|Any CPU
		{D70EB3B0-DEA2-4B0E-A5D0-FDC2BE7A5869}.Release|x86.ActiveCfg = Release|Any CPU
		{D70EB3B0-DEA2-4B0E-A5D0-FDC2BE7A5869}.Release|x86.Build.0 = Release|Any CPU
		{1561B10D-1789-4A43-959B-4D4A38229269}.Debug|Any CPU.ActiveCfg = Debug|Any CPU
		{1561B10D-1789-4A43-959B-4D4A38229269}.Debug|Any CPU.Build.0 = Debug|Any CPU
		{1561B10D-1789-4A43-959B-4D4A38229269}.Debug|x64.ActiveCfg = Debug|Any CPU
		{1561B10D-1789-4A43-959B-4D4A38229269}.Debug|x64.Build.0 = Debug|Any CPU
		{1561B10D-1789-4A43-959B-4D4A38229269}.Debug|x86.ActiveCfg = Debug|Any CPU
		{1561B10D-1789-4A43-959B-4D4A38229269}.Debug|x86.Build.0 = Debug|Any CPU
		{1561B10D-1789-4A43-959B-4D4A38229269}.Release|Any CPU.ActiveCfg = Release|Any CPU
		{1561B10D-1789-4A43-959B-4D4A38229269}.Release|Any CPU.Build.0 = Release|Any CPU
		{1561B10D-1789-4A43-959B-4D4A38229269}.Release|x64.ActiveCfg = Release|Any CPU
		{1561B10D-1789-4A43-959B-4D4A38229269}.Release|x64.Build.0 = Release|Any CPU
		{1561B10D-1789-4A43-959B-4D4A38229269}.Release|x86.ActiveCfg = Release|Any CPU
		{1561B10D-1789-4A43-959B-4D4A38229269}.Release|x86.Build.0 = Release|Any CPU
	EndGlobalSection
EndGlobal
